// !$*UTF8*$!
{
	archiveVersion = 1;
	classes = {
	};
	objectVersion = 50;
	objects = {

/* Begin PBXBuildFile section */
		421ACFEC2199EE520066BE1D /* ProfileTableVC.swift in Sources */ = {isa = PBXBuildFile; fileRef = 421ACFEB2199EE520066BE1D /* ProfileTableVC.swift */; };
		4233C0B6219B783000E872CB /* ChatPageVC.swift in Sources */ = {isa = PBXBuildFile; fileRef = 4233C0B5219B783000E872CB /* ChatPageVC.swift */; };
		4241A888219A539500399017 /* Recent.swift in Sources */ = {isa = PBXBuildFile; fileRef = 4241A887219A539500399017 /* Recent.swift */; };
		42431FEC219A824000E7DDCC /* RecentChatsCell.swift in Sources */ = {isa = PBXBuildFile; fileRef = 42431FEB219A824000E7DDCC /* RecentChatsCell.swift */; };
		424F60C1219BA3E1000AC359 /* OutGoingMessages.swift in Sources */ = {isa = PBXBuildFile; fileRef = 424F60C0219BA3E1000AC359 /* OutGoingMessages.swift */; };
		424F60C3219BBB4B000AC359 /* IncomingMessages.swift in Sources */ = {isa = PBXBuildFile; fileRef = 424F60C2219BBB4B000AC359 /* IncomingMessages.swift */; };
		42582F872192A2B600F494CB /* AppDelegate.swift in Sources */ = {isa = PBXBuildFile; fileRef = 42582F862192A2B600F494CB /* AppDelegate.swift */; };
		42582F8C2192A2B600F494CB /* Main.storyboard in Resources */ = {isa = PBXBuildFile; fileRef = 42582F8A2192A2B600F494CB /* Main.storyboard */; };
		42582F8E2192A2B800F494CB /* Assets.xcassets in Resources */ = {isa = PBXBuildFile; fileRef = 42582F8D2192A2B800F494CB /* Assets.xcassets */; };
		42582F912192A2B800F494CB /* LaunchScreen.storyboard in Resources */ = {isa = PBXBuildFile; fileRef = 42582F8F2192A2B800F494CB /* LaunchScreen.storyboard */; };
		42582F992192B03A00F494CB /* WelcomeVC.swift in Sources */ = {isa = PBXBuildFile; fileRef = 42582F982192B03A00F494CB /* WelcomeVC.swift */; };
		426DCA242192CB2A00F0742C /* GoogleService-Info.plist in Resources */ = {isa = PBXBuildFile; fileRef = 426DCA232192CB2A00F0742C /* GoogleService-Info.plist */; };
		42839A5F219633870013B8BA /* FinishRegisterationVC.swift in Sources */ = {isa = PBXBuildFile; fileRef = 42839A5E219633870013B8BA /* FinishRegisterationVC.swift */; };
		428B84FC2199497D008D4331 /* ChatsVC.swift in Sources */ = {isa = PBXBuildFile; fileRef = 428B84FB2199497D008D4331 /* ChatsVC.swift */; };
		42B596B32193253C00435D73 /* Group.swift in Sources */ = {isa = PBXBuildFile; fileRef = 42B596992193252F00435D73 /* Group.swift */; };
		42B596BF2193253C00435D73 /* FUser.swift in Sources */ = {isa = PBXBuildFile; fileRef = 42B596A52193253500435D73 /* FUser.swift */; };
		42B596CD2193291000435D73 /* Constants.swift in Sources */ = {isa = PBXBuildFile; fileRef = 42B596CC2193291000435D73 /* Constants.swift */; };
		42B596CF21932C4F00435D73 /* FCollectionReference.swift in Sources */ = {isa = PBXBuildFile; fileRef = 42B596CE21932C4F00435D73 /* FCollectionReference.swift */; };
		42BE22BF2198ED760075E481 /* SettingsTableVC.swift in Sources */ = {isa = PBXBuildFile; fileRef = 42BE22BE2198ED760075E481 /* SettingsTableVC.swift */; };
		42BE22C12198F74A0075E481 /* UserTableViewCell.swift in Sources */ = {isa = PBXBuildFile; fileRef = 42BE22C02198F74A0075E481 /* UserTableViewCell.swift */; };
		42BE22C321990A4D0075E481 /* UserTableVC.swift in Sources */ = {isa = PBXBuildFile; fileRef = 42BE22C221990A4D0075E481 /* UserTableVC.swift */; };
		42DFE01B21936013004FF74E /* HelperFunctions.swift in Sources */ = {isa = PBXBuildFile; fileRef = 42DFE01A21936013004FF74E /* HelperFunctions.swift */; };
		C33136FF2DA68E6231E056DE /* Pods_Scarlio.framework in Frameworks */ = {isa = PBXBuildFile; fileRef = CB8C35CA3E4239ED6B65CBCD /* Pods_Scarlio.framework */; };
/* End PBXBuildFile section */

/* Begin PBXFileReference section */
		421ACFEB2199EE520066BE1D /* ProfileTableVC.swift */ = {isa = PBXFileReference; lastKnownFileType = sourcecode.swift; path = ProfileTableVC.swift; sourceTree = "<group>"; };
		4233C0B5219B783000E872CB /* ChatPageVC.swift */ = {isa = PBXFileReference; lastKnownFileType = sourcecode.swift; path = ChatPageVC.swift; sourceTree = "<group>"; };
		4241A887219A539500399017 /* Recent.swift */ = {isa = PBXFileReference; lastKnownFileType = sourcecode.swift; path = Recent.swift; sourceTree = "<group>"; };
		42431FEB219A824000E7DDCC /* RecentChatsCell.swift */ = {isa = PBXFileReference; lastKnownFileType = sourcecode.swift; path = RecentChatsCell.swift; sourceTree = "<group>"; };
		424F60C0219BA3E1000AC359 /* OutGoingMessages.swift */ = {isa = PBXFileReference; lastKnownFileType = sourcecode.swift; path = OutGoingMessages.swift; sourceTree = "<group>"; };
		424F60C2219BBB4B000AC359 /* IncomingMessages.swift */ = {isa = PBXFileReference; lastKnownFileType = sourcecode.swift; path = IncomingMessages.swift; sourceTree = "<group>"; };
		42582F832192A2B600F494CB /* Scarlio.app */ = {isa = PBXFileReference; explicitFileType = wrapper.application; includeInIndex = 0; path = Scarlio.app; sourceTree = BUILT_PRODUCTS_DIR; };
		42582F862192A2B600F494CB /* AppDelegate.swift */ = {isa = PBXFileReference; lastKnownFileType = sourcecode.swift; path = AppDelegate.swift; sourceTree = "<group>"; };
		42582F8B2192A2B600F494CB /* Base */ = {isa = PBXFileReference; lastKnownFileType = file.storyboard; name = Base; path = Base.lproj/Main.storyboard; sourceTree = "<group>"; };
		42582F8D2192A2B800F494CB /* Assets.xcassets */ = {isa = PBXFileReference; lastKnownFileType = folder.assetcatalog; path = Assets.xcassets; sourceTree = "<group>"; };
		42582F902192A2B800F494CB /* Base */ = {isa = PBXFileReference; lastKnownFileType = file.storyboard; name = Base; path = Base.lproj/LaunchScreen.storyboard; sourceTree = "<group>"; };
		42582F922192A2B800F494CB /* Info.plist */ = {isa = PBXFileReference; lastKnownFileType = text.plist.xml; path = Info.plist; sourceTree = "<group>"; };
		42582F982192B03A00F494CB /* WelcomeVC.swift */ = {isa = PBXFileReference; lastKnownFileType = sourcecode.swift; path = WelcomeVC.swift; sourceTree = "<group>"; };
		426DCA232192CB2A00F0742C /* GoogleService-Info.plist */ = {isa = PBXFileReference; fileEncoding = 4; lastKnownFileType = text.plist.xml; path = "GoogleService-Info.plist"; sourceTree = "<group>"; };
		42839A5E219633870013B8BA /* FinishRegisterationVC.swift */ = {isa = PBXFileReference; lastKnownFileType = sourcecode.swift; path = FinishRegisterationVC.swift; sourceTree = "<group>"; };
		428B84FB2199497D008D4331 /* ChatsVC.swift */ = {isa = PBXFileReference; lastKnownFileType = sourcecode.swift; path = ChatsVC.swift; sourceTree = "<group>"; };
		42B596992193252F00435D73 /* Group.swift */ = {isa = PBXFileReference; fileEncoding = 4; lastKnownFileType = sourcecode.swift; path = Group.swift; sourceTree = "<group>"; };
		42B596A52193253500435D73 /* FUser.swift */ = {isa = PBXFileReference; fileEncoding = 4; lastKnownFileType = sourcecode.swift; path = FUser.swift; sourceTree = "<group>"; };
		42B596CC2193291000435D73 /* Constants.swift */ = {isa = PBXFileReference; lastKnownFileType = sourcecode.swift; path = Constants.swift; sourceTree = "<group>"; };
		42B596CE21932C4F00435D73 /* FCollectionReference.swift */ = {isa = PBXFileReference; lastKnownFileType = sourcecode.swift; path = FCollectionReference.swift; sourceTree = "<group>"; };
		42BE22BE2198ED760075E481 /* SettingsTableVC.swift */ = {isa = PBXFileReference; lastKnownFileType = sourcecode.swift; path = SettingsTableVC.swift; sourceTree = "<group>"; };
		42BE22C02198F74A0075E481 /* UserTableViewCell.swift */ = {isa = PBXFileReference; lastKnownFileType = sourcecode.swift; path = UserTableViewCell.swift; sourceTree = "<group>"; };
		42BE22C221990A4D0075E481 /* UserTableVC.swift */ = {isa = PBXFileReference; lastKnownFileType = sourcecode.swift; path = UserTableVC.swift; sourceTree = "<group>"; };
		42DFE01A21936013004FF74E /* HelperFunctions.swift */ = {isa = PBXFileReference; lastKnownFileType = sourcecode.swift; path = HelperFunctions.swift; sourceTree = "<group>"; };
		89077B988F6E47B82660AB0F /* Pods-Scarlio.debug.xcconfig */ = {isa = PBXFileReference; includeInIndex = 1; lastKnownFileType = text.xcconfig; name = "Pods-Scarlio.debug.xcconfig"; path = "Pods/Target Support Files/Pods-Scarlio/Pods-Scarlio.debug.xcconfig"; sourceTree = "<group>"; };
		A0B950C8FF6119E4ACC88AE6 /* Pods-Scarlio.release.xcconfig */ = {isa = PBXFileReference; includeInIndex = 1; lastKnownFileType = text.xcconfig; name = "Pods-Scarlio.release.xcconfig"; path = "Pods/Target Support Files/Pods-Scarlio/Pods-Scarlio.release.xcconfig"; sourceTree = "<group>"; };
		CB8C35CA3E4239ED6B65CBCD /* Pods_Scarlio.framework */ = {isa = PBXFileReference; explicitFileType = wrapper.framework; includeInIndex = 0; path = Pods_Scarlio.framework; sourceTree = BUILT_PRODUCTS_DIR; };
/* End PBXFileReference section */

/* Begin PBXFrameworksBuildPhase section */
		42582F802192A2B600F494CB /* Frameworks */ = {
			isa = PBXFrameworksBuildPhase;
			buildActionMask = 2147483647;
			files = (
				C33136FF2DA68E6231E056DE /* Pods_Scarlio.framework in Frameworks */,
			);
			runOnlyForDeploymentPostprocessing = 0;
		};
/* End PBXFrameworksBuildPhase section */

/* Begin PBXGroup section */
		2F6D1F2C43B0B4140C150C6D /* Pods */ = {
			isa = PBXGroup;
			children = (
				89077B988F6E47B82660AB0F /* Pods-Scarlio.debug.xcconfig */,
				A0B950C8FF6119E4ACC88AE6 /* Pods-Scarlio.release.xcconfig */,
			);
			name = Pods;
			sourceTree = "<group>";
		};
		42582F7A2192A2B600F494CB = {
			isa = PBXGroup;
			children = (
				42582F852192A2B600F494CB /* Scarlio */,
				42582F842192A2B600F494CB /* Products */,
				2F6D1F2C43B0B4140C150C6D /* Pods */,
				FABBD0185061C9298BD73C58 /* Frameworks */,
			);
			sourceTree = "<group>";
		};
		42582F842192A2B600F494CB /* Products */ = {
			isa = PBXGroup;
			children = (
				42582F832192A2B600F494CB /* Scarlio.app */,
			);
			name = Products;
			sourceTree = "<group>";
		};
		42582F852192A2B600F494CB /* Scarlio */ = {
			isa = PBXGroup;
			children = (
				42B596972193250900435D73 /* Support Files */,
				42582F862192A2B600F494CB /* AppDelegate.swift */,
				42582F8A2192A2B600F494CB /* Main.storyboard */,
				42582F8D2192A2B800F494CB /* Assets.xcassets */,
				42582F8F2192A2B800F494CB /* LaunchScreen.storyboard */,
				42582F922192A2B800F494CB /* Info.plist */,
				426DCA232192CB2A00F0742C /* GoogleService-Info.plist */,
				42582F982192B03A00F494CB /* WelcomeVC.swift */,
				42B596CC2193291000435D73 /* Constants.swift */,
				42B596CE21932C4F00435D73 /* FCollectionReference.swift */,
				42DFE01A21936013004FF74E /* HelperFunctions.swift */,
				42839A5E219633870013B8BA /* FinishRegisterationVC.swift */,
				42BE22BE2198ED760075E481 /* SettingsTableVC.swift */,
				42BE22C02198F74A0075E481 /* UserTableViewCell.swift */,
				42BE22C221990A4D0075E481 /* UserTableVC.swift */,
				4233C0B5219B783000E872CB /* ChatPageVC.swift */,
				428B84FB2199497D008D4331 /* ChatsVC.swift */,
				421ACFEB2199EE520066BE1D /* ProfileTableVC.swift */,
				4241A887219A539500399017 /* Recent.swift */,
				42431FEB219A824000E7DDCC /* RecentChatsCell.swift */,
				424F60C0219BA3E1000AC359 /* OutGoingMessages.swift */,
				424F60C2219BBB4B000AC359 /* IncomingMessages.swift */,
			);
			path = Scarlio;
			sourceTree = "<group>";
		};
		42B596972193250900435D73 /* Support Files */ = {
			isa = PBXGroup;
			children = (
				42B596A52193253500435D73 /* FUser.swift */,
				42B596992193252F00435D73 /* Group.swift */,
			);
			path = "Support Files";
			sourceTree = "<group>";
		};
		FABBD0185061C9298BD73C58 /* Frameworks */ = {
			isa = PBXGroup;
			children = (
				CB8C35CA3E4239ED6B65CBCD /* Pods_Scarlio.framework */,
			);
			name = Frameworks;
			sourceTree = "<group>";
		};
/* End PBXGroup section */

/* Begin PBXNativeTarget section */
		42582F822192A2B600F494CB /* Scarlio */ = {
			isa = PBXNativeTarget;
			buildConfigurationList = 42582F952192A2B800F494CB /* Build configuration list for PBXNativeTarget "Scarlio" */;
			buildPhases = (
				183F288A16D5A119BE1469F2 /* [CP] Check Pods Manifest.lock */,
				42582F7F2192A2B600F494CB /* Sources */,
				42582F802192A2B600F494CB /* Frameworks */,
				42582F812192A2B600F494CB /* Resources */,
				14A403FFB0D29624132CE702 /* [CP] Embed Pods Frameworks */,
			);
			buildRules = (
			);
			dependencies = (
			);
			name = Scarlio;
			productName = Scarlio;
			productReference = 42582F832192A2B600F494CB /* Scarlio.app */;
			productType = "com.apple.product-type.application";
		};
/* End PBXNativeTarget section */

/* Begin PBXProject section */
		42582F7B2192A2B600F494CB /* Project object */ = {
			isa = PBXProject;
			attributes = {
				LastSwiftUpdateCheck = 1010;
				LastUpgradeCheck = 1010;
				ORGANIZATIONNAME = "Sherif Kamal";
				TargetAttributes = {
					42582F822192A2B600F494CB = {
						CreatedOnToolsVersion = 10.1;
					};
				};
			};
			buildConfigurationList = 42582F7E2192A2B600F494CB /* Build configuration list for PBXProject "Scarlio" */;
			compatibilityVersion = "Xcode 9.3";
			developmentRegion = en;
			hasScannedForEncodings = 0;
			knownRegions = (
				en,
				Base,
			);
			mainGroup = 42582F7A2192A2B600F494CB;
			productRefGroup = 42582F842192A2B600F494CB /* Products */;
			projectDirPath = "";
			projectRoot = "";
			targets = (
				42582F822192A2B600F494CB /* Scarlio */,
			);
		};
/* End PBXProject section */

/* Begin PBXResourcesBuildPhase section */
		42582F812192A2B600F494CB /* Resources */ = {
			isa = PBXResourcesBuildPhase;
			buildActionMask = 2147483647;
			files = (
				42582F912192A2B800F494CB /* LaunchScreen.storyboard in Resources */,
				426DCA242192CB2A00F0742C /* GoogleService-Info.plist in Resources */,
				42582F8E2192A2B800F494CB /* Assets.xcassets in Resources */,
				42582F8C2192A2B600F494CB /* Main.storyboard in Resources */,
			);
			runOnlyForDeploymentPostprocessing = 0;
		};
/* End PBXResourcesBuildPhase section */

/* Begin PBXShellScriptBuildPhase section */
		14A403FFB0D29624132CE702 /* [CP] Embed Pods Frameworks */ = {
			isa = PBXShellScriptBuildPhase;
			buildActionMask = 2147483647;
			files = (
			);
			inputFileListPaths = (
			);
			inputPaths = (
				"${SRCROOT}/Pods/Target Support Files/Pods-Scarlio/Pods-Scarlio-frameworks.sh",
				"${BUILT_PRODUCTS_DIR}/BoringSSL/openssl.framework",
				"${BUILT_PRODUCTS_DIR}/DACircularProgress/DACircularProgress.framework",
				"${BUILT_PRODUCTS_DIR}/GTMSessionFetcher/GTMSessionFetcher.framework",
				"${BUILT_PRODUCTS_DIR}/GoogleUtilities/GoogleUtilities.framework",
				"${BUILT_PRODUCTS_DIR}/IDMPhotoBrowser/IDMPhotoBrowser.framework",
				"${BUILT_PRODUCTS_DIR}/IQAudioRecorderController/IQAudioRecorderController.framework",
				"${BUILT_PRODUCTS_DIR}/JSQMessagesViewController/JSQMessagesViewController.framework",
				"${BUILT_PRODUCTS_DIR}/JSQSystemSoundPlayer/JSQSystemSoundPlayer.framework",
				"${BUILT_PRODUCTS_DIR}/MBProgressHUD/MBProgressHUD.framework",
				"${BUILT_PRODUCTS_DIR}/ProgressHUD/ProgressHUD.framework",
				"${BUILT_PRODUCTS_DIR}/Protobuf/Protobuf.framework",
				"${BUILT_PRODUCTS_DIR}/SCSiriWaveformView/SCSiriWaveformView.framework",
				"${BUILT_PRODUCTS_DIR}/SDWebImage/SDWebImage.framework",
				"${BUILT_PRODUCTS_DIR}/gRPC/GRPCClient.framework",
				"${BUILT_PRODUCTS_DIR}/gRPC-C++/grpcpp.framework",
				"${BUILT_PRODUCTS_DIR}/gRPC-Core/grpc.framework",
				"${BUILT_PRODUCTS_DIR}/gRPC-ProtoRPC/ProtoRPC.framework",
				"${BUILT_PRODUCTS_DIR}/gRPC-RxLibrary/RxLibrary.framework",
				"${BUILT_PRODUCTS_DIR}/leveldb-library/leveldb.framework",
				"${BUILT_PRODUCTS_DIR}/nanopb/nanopb.framework",
				"${BUILT_PRODUCTS_DIR}/pop/pop.framework",
			);
			name = "[CP] Embed Pods Frameworks";
			outputFileListPaths = (
			);
			outputPaths = (
				"${TARGET_BUILD_DIR}/${FRAMEWORKS_FOLDER_PATH}/openssl.framework",
				"${TARGET_BUILD_DIR}/${FRAMEWORKS_FOLDER_PATH}/DACircularProgress.framework",
				"${TARGET_BUILD_DIR}/${FRAMEWORKS_FOLDER_PATH}/GTMSessionFetcher.framework",
				"${TARGET_BUILD_DIR}/${FRAMEWORKS_FOLDER_PATH}/GoogleUtilities.framework",
				"${TARGET_BUILD_DIR}/${FRAMEWORKS_FOLDER_PATH}/IDMPhotoBrowser.framework",
				"${TARGET_BUILD_DIR}/${FRAMEWORKS_FOLDER_PATH}/IQAudioRecorderController.framework",
				"${TARGET_BUILD_DIR}/${FRAMEWORKS_FOLDER_PATH}/JSQMessagesViewController.framework",
				"${TARGET_BUILD_DIR}/${FRAMEWORKS_FOLDER_PATH}/JSQSystemSoundPlayer.framework",
				"${TARGET_BUILD_DIR}/${FRAMEWORKS_FOLDER_PATH}/MBProgressHUD.framework",
				"${TARGET_BUILD_DIR}/${FRAMEWORKS_FOLDER_PATH}/ProgressHUD.framework",
				"${TARGET_BUILD_DIR}/${FRAMEWORKS_FOLDER_PATH}/Protobuf.framework",
				"${TARGET_BUILD_DIR}/${FRAMEWORKS_FOLDER_PATH}/SCSiriWaveformView.framework",
				"${TARGET_BUILD_DIR}/${FRAMEWORKS_FOLDER_PATH}/SDWebImage.framework",
				"${TARGET_BUILD_DIR}/${FRAMEWORKS_FOLDER_PATH}/GRPCClient.framework",
				"${TARGET_BUILD_DIR}/${FRAMEWORKS_FOLDER_PATH}/grpcpp.framework",
				"${TARGET_BUILD_DIR}/${FRAMEWORKS_FOLDER_PATH}/grpc.framework",
				"${TARGET_BUILD_DIR}/${FRAMEWORKS_FOLDER_PATH}/ProtoRPC.framework",
				"${TARGET_BUILD_DIR}/${FRAMEWORKS_FOLDER_PATH}/RxLibrary.framework",
				"${TARGET_BUILD_DIR}/${FRAMEWORKS_FOLDER_PATH}/leveldb.framework",
				"${TARGET_BUILD_DIR}/${FRAMEWORKS_FOLDER_PATH}/nanopb.framework",
				"${TARGET_BUILD_DIR}/${FRAMEWORKS_FOLDER_PATH}/pop.framework",
			);
			runOnlyForDeploymentPostprocessing = 0;
			shellPath = /bin/sh;
			shellScript = "\"${SRCROOT}/Pods/Target Support Files/Pods-Scarlio/Pods-Scarlio-frameworks.sh\"\n";
			showEnvVarsInLog = 0;
		};
		183F288A16D5A119BE1469F2 /* [CP] Check Pods Manifest.lock */ = {
			isa = PBXShellScriptBuildPhase;
			buildActionMask = 2147483647;
			files = (
			);
			inputFileListPaths = (
			);
			inputPaths = (
				"${PODS_PODFILE_DIR_PATH}/Podfile.lock",
				"${PODS_ROOT}/Manifest.lock",
			);
			name = "[CP] Check Pods Manifest.lock";
			outputFileListPaths = (
			);
			outputPaths = (
				"$(DERIVED_FILE_DIR)/Pods-Scarlio-checkManifestLockResult.txt",
			);
			runOnlyForDeploymentPostprocessing = 0;
			shellPath = /bin/sh;
			shellScript = "diff \"${PODS_PODFILE_DIR_PATH}/Podfile.lock\" \"${PODS_ROOT}/Manifest.lock\" > /dev/null\nif [ $? != 0 ] ; then\n    # print error to STDERR\n    echo \"error: The sandbox is not in sync with the Podfile.lock. Run 'pod install' or update your CocoaPods installation.\" >&2\n    exit 1\nfi\n# This output is used by Xcode 'outputs' to avoid re-running this script phase.\necho \"SUCCESS\" > \"${SCRIPT_OUTPUT_FILE_0}\"\n";
			showEnvVarsInLog = 0;
		};
/* End PBXShellScriptBuildPhase section */

/* Begin PBXSourcesBuildPhase section */
		42582F7F2192A2B600F494CB /* Sources */ = {
			isa = PBXSourcesBuildPhase;
			buildActionMask = 2147483647;
			files = (
				428B84FC2199497D008D4331 /* ChatsVC.swift in Sources */,
				4233C0B6219B783000E872CB /* ChatPageVC.swift in Sources */,
				42582F872192A2B600F494CB /* AppDelegate.swift in Sources */,
				42DFE01B21936013004FF74E /* HelperFunctions.swift in Sources */,
				42BE22C12198F74A0075E481 /* UserTableViewCell.swift in Sources */,
				42839A5F219633870013B8BA /* FinishRegisterationVC.swift in Sources */,
				42BE22C321990A4D0075E481 /* UserTableVC.swift in Sources */,
				42431FEC219A824000E7DDCC /* RecentChatsCell.swift in Sources */,
				42B596CD2193291000435D73 /* Constants.swift in Sources */,
				42B596CF21932C4F00435D73 /* FCollectionReference.swift in Sources */,
				42582F992192B03A00F494CB /* WelcomeVC.swift in Sources */,
				421ACFEC2199EE520066BE1D /* ProfileTableVC.swift in Sources */,
				42BE22BF2198ED760075E481 /* SettingsTableVC.swift in Sources */,
				424F60C1219BA3E1000AC359 /* OutGoingMessages.swift in Sources */,
				42B596B32193253C00435D73 /* Group.swift in Sources */,
				4241A888219A539500399017 /* Recent.swift in Sources */,
				42B596BF2193253C00435D73 /* FUser.swift in Sources */,
				424F60C3219BBB4B000AC359 /* IncomingMessages.swift in Sources */,
			);
			runOnlyForDeploymentPostprocessing = 0;
		};
/* End PBXSourcesBuildPhase section */

/* Begin PBXVariantGroup section */
		42582F8A2192A2B600F494CB /* Main.storyboard */ = {
			isa = PBXVariantGroup;
			children = (
				42582F8B2192A2B600F494CB /* Base */,
			);
			name = Main.storyboard;
			sourceTree = "<group>";
		};
		42582F8F2192A2B800F494CB /* LaunchScreen.storyboard */ = {
			isa = PBXVariantGroup;
			children = (
				42582F902192A2B800F494CB /* Base */,
			);
			name = LaunchScreen.storyboard;
			sourceTree = "<group>";
		};
/* End PBXVariantGroup section */

/* Begin XCBuildConfiguration section */
		42582F932192A2B800F494CB /* Debug */ = {
			isa = XCBuildConfiguration;
			buildSettings = {
				ALWAYS_SEARCH_USER_PATHS = NO;
				CLANG_ANALYZER_NONNULL = YES;
				CLANG_ANALYZER_NUMBER_OBJECT_CONVERSION = YES_AGGRESSIVE;
				CLANG_CXX_LANGUAGE_STANDARD = "gnu++14";
				CLANG_CXX_LIBRARY = "libc++";
				CLANG_ENABLE_MODULES = YES;
				CLANG_ENABLE_OBJC_ARC = YES;
				CLANG_ENABLE_OBJC_WEAK = YES;
				CLANG_WARN_BLOCK_CAPTURE_AUTORELEASING = YES;
				CLANG_WARN_BOOL_CONVERSION = YES;
				CLANG_WARN_COMMA = YES;
				CLANG_WARN_CONSTANT_CONVERSION = YES;
				CLANG_WARN_DEPRECATED_OBJC_IMPLEMENTATIONS = YES;
				CLANG_WARN_DIRECT_OBJC_ISA_USAGE = YES_ERROR;
				CLANG_WARN_DOCUMENTATION_COMMENTS = YES;
				CLANG_WARN_EMPTY_BODY = YES;
				CLANG_WARN_ENUM_CONVERSION = YES;
				CLANG_WARN_INFINITE_RECURSION = YES;
				CLANG_WARN_INT_CONVERSION = YES;
				CLANG_WARN_NON_LITERAL_NULL_CONVERSION = YES;
				CLANG_WARN_OBJC_IMPLICIT_RETAIN_SELF = YES;
				CLANG_WARN_OBJC_LITERAL_CONVERSION = YES;
				CLANG_WARN_OBJC_ROOT_CLASS = YES_ERROR;
				CLANG_WARN_RANGE_LOOP_ANALYSIS = YES;
				CLANG_WARN_STRICT_PROTOTYPES = YES;
				CLANG_WARN_SUSPICIOUS_MOVE = YES;
				CLANG_WARN_UNGUARDED_AVAILABILITY = YES_AGGRESSIVE;
				CLANG_WARN_UNREACHABLE_CODE = YES;
				CLANG_WARN__DUPLICATE_METHOD_MATCH = YES;
				CODE_SIGN_IDENTITY = "iPhone Developer";
				COPY_PHASE_STRIP = NO;
				DEBUG_INFORMATION_FORMAT = dwarf;
				ENABLE_STRICT_OBJC_MSGSEND = YES;
				ENABLE_TESTABILITY = YES;
				GCC_C_LANGUAGE_STANDARD = gnu11;
				GCC_DYNAMIC_NO_PIC = NO;
				GCC_NO_COMMON_BLOCKS = YES;
				GCC_OPTIMIZATION_LEVEL = 0;
				GCC_PREPROCESSOR_DEFINITIONS = (
					"DEBUG=1",
					"$(inherited)",
				);
				GCC_WARN_64_TO_32_BIT_CONVERSION = YES;
				GCC_WARN_ABOUT_RETURN_TYPE = YES_ERROR;
				GCC_WARN_UNDECLARED_SELECTOR = YES;
				GCC_WARN_UNINITIALIZED_AUTOS = YES_AGGRESSIVE;
				GCC_WARN_UNUSED_FUNCTION = YES;
				GCC_WARN_UNUSED_VARIABLE = YES;
				IPHONEOS_DEPLOYMENT_TARGET = 12.1;
				MTL_ENABLE_DEBUG_INFO = INCLUDE_SOURCE;
				MTL_FAST_MATH = YES;
				ONLY_ACTIVE_ARCH = YES;
				SDKROOT = iphoneos;
				SWIFT_ACTIVE_COMPILATION_CONDITIONS = DEBUG;
				SWIFT_OPTIMIZATION_LEVEL = "-Onone";
			};
			name = Debug;
		};
		42582F942192A2B800F494CB /* Release */ = {
			isa = XCBuildConfiguration;
			buildSettings = {
				ALWAYS_SEARCH_USER_PATHS = NO;
				CLANG_ANALYZER_NONNULL = YES;
				CLANG_ANALYZER_NUMBER_OBJECT_CONVERSION = YES_AGGRESSIVE;
				CLANG_CXX_LANGUAGE_STANDARD = "gnu++14";
				CLANG_CXX_LIBRARY = "libc++";
				CLANG_ENABLE_MODULES = YES;
				CLANG_ENABLE_OBJC_ARC = YES;
				CLANG_ENABLE_OBJC_WEAK = YES;
				CLANG_WARN_BLOCK_CAPTURE_AUTORELEASING = YES;
				CLANG_WARN_BOOL_CONVERSION = YES;
				CLANG_WARN_COMMA = YES;
				CLANG_WARN_CONSTANT_CONVERSION = YES;
				CLANG_WARN_DEPRECATED_OBJC_IMPLEMENTATIONS = YES;
				CLANG_WARN_DIRECT_OBJC_ISA_USAGE = YES_ERROR;
				CLANG_WARN_DOCUMENTATION_COMMENTS = YES;
				CLANG_WARN_EMPTY_BODY = YES;
				CLANG_WARN_ENUM_CONVERSION = YES;
				CLANG_WARN_INFINITE_RECURSION = YES;
				CLANG_WARN_INT_CONVERSION = YES;
				CLANG_WARN_NON_LITERAL_NULL_CONVERSION = YES;
				CLANG_WARN_OBJC_IMPLICIT_RETAIN_SELF = YES;
				CLANG_WARN_OBJC_LITERAL_CONVERSION = YES;
				CLANG_WARN_OBJC_ROOT_CLASS = YES_ERROR;
				CLANG_WARN_RANGE_LOOP_ANALYSIS = YES;
				CLANG_WARN_STRICT_PROTOTYPES = YES;
				CLANG_WARN_SUSPICIOUS_MOVE = YES;
				CLANG_WARN_UNGUARDED_AVAILABILITY = YES_AGGRESSIVE;
				CLANG_WARN_UNREACHABLE_CODE = YES;
				CLANG_WARN__DUPLICATE_METHOD_MATCH = YES;
				CODE_SIGN_IDENTITY = "iPhone Developer";
				COPY_PHASE_STRIP = NO;
				DEBUG_INFORMATION_FORMAT = "dwarf-with-dsym";
				ENABLE_NS_ASSERTIONS = NO;
				ENABLE_STRICT_OBJC_MSGSEND = YES;
				GCC_C_LANGUAGE_STANDARD = gnu11;
				GCC_NO_COMMON_BLOCKS = YES;
				GCC_WARN_64_TO_32_BIT_CONVERSION = YES;
				GCC_WARN_ABOUT_RETURN_TYPE = YES_ERROR;
				GCC_WARN_UNDECLARED_SELECTOR = YES;
				GCC_WARN_UNINITIALIZED_AUTOS = YES_AGGRESSIVE;
				GCC_WARN_UNUSED_FUNCTION = YES;
				GCC_WARN_UNUSED_VARIABLE = YES;
				IPHONEOS_DEPLOYMENT_TARGET = 12.1;
				MTL_ENABLE_DEBUG_INFO = NO;
				MTL_FAST_MATH = YES;
				SDKROOT = iphoneos;
				SWIFT_COMPILATION_MODE = wholemodule;
				SWIFT_OPTIMIZATION_LEVEL = "-O";
				VALIDATE_PRODUCT = YES;
			};
			name = Release;
		};
		42582F962192A2B800F494CB /* Debug */ = {
			isa = XCBuildConfiguration;
			baseConfigurationReference = 89077B988F6E47B82660AB0F /* Pods-Scarlio.debug.xcconfig */;
			buildSettings = {
				ASSETCATALOG_COMPILER_APPICON_NAME = AppIcon;
				CODE_SIGN_STYLE = Automatic;
				DEVELOPMENT_TEAM = S242M8F4J2;
				INFOPLIST_FILE = Scarlio/Info.plist;
				LD_RUNPATH_SEARCH_PATHS = (
					"$(inherited)",
					"@executable_path/Frameworks",
				);
				PRODUCT_BUNDLE_IDENTIFIER = com.sherif.Scarlio;
				PRODUCT_NAME = "$(TARGET_NAME)";
				SWIFT_VERSION = 4.2;
				TARGETED_DEVICE_FAMILY = "1,2";
			};
			name = Debug;
		};
		42582F972192A2B800F494CB /* Release */ = {
			isa = XCBuildConfiguration;
			baseConfigurationReference = A0B950C8FF6119E4ACC88AE6 /* Pods-Scarlio.release.xcconfig */;
			buildSettings = {
				ASSETCATALOG_COMPILER_APPICON_NAME = AppIcon;
				CODE_SIGN_STYLE = Automatic;
				DEVELOPMENT_TEAM = S242M8F4J2;
				INFOPLIST_FILE = Scarlio/Info.plist;
				LD_RUNPATH_SEARCH_PATHS = (
					"$(inherited)",
					"@executable_path/Frameworks",
				);
				PRODUCT_BUNDLE_IDENTIFIER = com.sherif.Scarlio;
				PRODUCT_NAME = "$(TARGET_NAME)";
				SWIFT_VERSION = 4.2;
				TARGETED_DEVICE_FAMILY = "1,2";
			};
			name = Release;
		};
/* End XCBuildConfiguration section */

/* Begin XCConfigurationList section */
		42582F7E2192A2B600F494CB /* Build configuration list for PBXProject "Scarlio" */ = {
			isa = XCConfigurationList;
			buildConfigurations = (
				42582F932192A2B800F494CB /* Debug */,
				42582F942192A2B800F494CB /* Release */,
			);
			defaultConfigurationIsVisible = 0;
			defaultConfigurationName = Release;
		};
		42582F952192A2B800F494CB /* Build configuration list for PBXNativeTarget "Scarlio" */ = {
			isa = XCConfigurationList;
			buildConfigurations = (
				42582F962192A2B800F494CB /* Debug */,
				42582F972192A2B800F494CB /* Release */,
			);
			defaultConfigurationIsVisible = 0;
			defaultConfigurationName = Release;
		};
/* End XCConfigurationList section */
	};
	rootObject = 42582F7B2192A2B600F494CB /* Project object */;
}
